// !$*UTF8*$!
{
	archiveVersion = 1;
	classes = {
	};
	objectVersion = 46;
	objects = {

/* Begin PBXBuildFile section */
		A21BF0F21F0FA52F00F9E9B8 /* AppDelegate.swift in Sources */ = {isa = PBXBuildFile; fileRef = A21BF0F11F0FA52F00F9E9B8 /* AppDelegate.swift */; };
		A21BF0F41F0FA52F00F9E9B8 /* ViewController.swift in Sources */ = {isa = PBXBuildFile; fileRef = A21BF0F31F0FA52F00F9E9B8 /* ViewController.swift */; };
		A21BF0F71F0FA52F00F9E9B8 /* Main.storyboard in Resources */ = {isa = PBXBuildFile; fileRef = A21BF0F51F0FA52F00F9E9B8 /* Main.storyboard */; };
		A21BF0F91F0FA52F00F9E9B8 /* Assets.xcassets in Resources */ = {isa = PBXBuildFile; fileRef = A21BF0F81F0FA52F00F9E9B8 /* Assets.xcassets */; };
		A21BF0FC1F0FA52F00F9E9B8 /* LaunchScreen.storyboard in Resources */ = {isa = PBXBuildFile; fileRef = A21BF0FA1F0FA52F00F9E9B8 /* LaunchScreen.storyboard */; };
/* End PBXBuildFile section */

/* Begin PBXFileReference section */
		A21BF0EE1F0FA52F00F9E9B8 /* Makestagram.app */ = {isa = PBXFileReference; explicitFileType = wrapper.application; includeInIndex = 0; path = Makestagram.app; sourceTree = BUILT_PRODUCTS_DIR; };
		A21BF0F11F0FA52F00F9E9B8 /* AppDelegate.swift */ = {isa = PBXFileReference; lastKnownFileType = sourcecode.swift; path = AppDelegate.swift; sourceTree = "<group>"; };
		A21BF0F31F0FA52F00F9E9B8 /* ViewController.swift */ = {isa = PBXFileReference; lastKnownFileType = sourcecode.swift; path = ViewController.swift; sourceTree = "<group>"; };
		A21BF0F61F0FA52F00F9E9B8 /* Base */ = {isa = PBXFileReference; lastKnownFileType = file.storyboard; name = Base; path = Base.lproj/Main.storyboard; sourceTree = "<group>"; };
		A21BF0F81F0FA52F00F9E9B8 /* Assets.xcassets */ = {isa = PBXFileReference; lastKnownFileType = folder.assetcatalog; path = Assets.xcassets; sourceTree = "<group>"; };
		A21BF0FB1F0FA52F00F9E9B8 /* Base */ = {isa = PBXFileReference; lastKnownFileType = file.storyboard; name = Base; path = Base.lproj/LaunchScreen.storyboard; sourceTree = "<group>"; };
		A21BF0FD1F0FA52F00F9E9B8 /* Info.plist */ = {isa = PBXFileReference; lastKnownFileType = text.plist.xml; path = Info.plist; sourceTree = "<group>"; };
/* End PBXFileReference section */

/* Begin PBXFrameworksBuildPhase section */
		A21BF0EB1F0FA52F00F9E9B8 /* Frameworks */ = {
			isa = PBXFrameworksBuildPhase;
			buildActionMask = 2147483647;
			files = (
			);
			runOnlyForDeploymentPostprocessing = 0;
		};
/* End PBXFrameworksBuildPhase section */

/* Begin PBXGroup section */
		A21BF0E51F0FA52F00F9E9B8 = {
			isa = PBXGroup;
			children = (
				A21BF0F01F0FA52F00F9E9B8 /* Makestagram */,
				A21BF0EF1F0FA52F00F9E9B8 /* Products */,
			);
			sourceTree = "<group>";
		};
		A21BF0EF1F0FA52F00F9E9B8 /* Products */ = {
			isa = PBXGroup;
			children = (
				A21BF0EE1F0FA52F00F9E9B8 /* Makestagram.app */,
			);
			name = Products;
			sourceTree = "<group>";
		};
		A21BF0F01F0FA52F00F9E9B8 /* Makestagram */ = {
			isa = PBXGroup;
			children = (
				A21BF0F11F0FA52F00F9E9B8 /* AppDelegate.swift */,
				A21BF0F31F0FA52F00F9E9B8 /* ViewController.swift */,
				A21BF0F51F0FA52F00F9E9B8 /* Main.storyboard */,
				A21BF0F81F0FA52F00F9E9B8 /* Assets.xcassets */,
				A21BF0FA1F0FA52F00F9E9B8 /* LaunchScreen.storyboard */,
				A21BF0FD1F0FA52F00F9E9B8 /* Info.plist */,
			);
			path = Makestagram;
			sourceTree = "<group>";
		};
/* End PBXGroup section */

/* Begin PBXNativeTarget section */
		A21BF0ED1F0FA52F00F9E9B8 /* Makestagram */ = {
			isa = PBXNativeTarget;
			buildConfigurationList = A21BF1001F0FA52F00F9E9B8 /* Build configuration list for PBXNativeTarget "Makestagram" */;
			buildPhases = (
				A21BF0EA1F0FA52F00F9E9B8 /* Sources */,
				A21BF0EB1F0FA52F00F9E9B8 /* Frameworks */,
				A21BF0EC1F0FA52F00F9E9B8 /* Resources */,
			);
			buildRules = (
			);
			dependencies = (
			);
			name = Makestagram;
			productName = Makestagram;
			productReference = A21BF0EE1F0FA52F00F9E9B8 /* Makestagram.app */;
			productType = "com.apple.product-type.application";
		};
/* End PBXNativeTarget section */

/* Begin PBXProject section */
		A21BF0E61F0FA52F00F9E9B8 /* Project object */ = {
			isa = PBXProject;
			attributes = {
				LastSwiftUpdateCheck = 0830;
				LastUpgradeCheck = 0830;
				ORGANIZATIONNAME = "Hadis Daqiq";
				TargetAttributes = {
					A21BF0ED1F0FA52F00F9E9B8 = {
						CreatedOnToolsVersion = 8.3.3;
						ProvisioningStyle = Automatic;
					};
				};
			};
			buildConfigurationList = A21BF0E91F0FA52F00F9E9B8 /* Build configuration list for PBXProject "Makestagram" */;
			compatibilityVersion = "Xcode 3.2";
			developmentRegion = English;
			hasScannedForEncodings = 0;
			knownRegions = (
				en,
				Base,
			);
			mainGroup = A21BF0E51F0FA52F00F9E9B8;
			productRefGroup = A21BF0EF1F0FA52F00F9E9B8 /* Products */;
			projectDirPath = "";
			projectRoot = "";
			targets = (
				A21BF0ED1F0FA52F00F9E9B8 /* Makestagram */,
			);
		};
/* End PBXProject section */

/* Begin PBXResourcesBuildPhase section */
		A21BF0EC1F0FA52F00F9E9B8 /* Resources */ = {
			isa = PBXResourcesBuildPhase;
			buildActionMask = 2147483647;
			files = (
				A21BF0FC1F0FA52F00F9E9B8 /* LaunchScreen.storyboard in Resources */,
				A21BF0F91F0FA52F00F9E9B8 /* Assets.xcassets in Resources */,
				A21BF0F71F0FA52F00F9E9B8 /* Main.storyboard in Resources */,
			);
			runOnlyForDeploymentPostprocessing = 0;
		};
/* End PBXResourcesBuildPhase section */

/* Begin PBXSourcesBuildPhase section */
		A21BF0EA1F0FA52F00F9E9B8 /* Sources */ = {
			isa = PBXSourcesBuildPhase;
			buildActionMask = 2147483647;
			files = (
				A21BF0F41F0FA52F00F9E9B8 /* ViewController.swift in Sources */,
				A21BF0F21F0FA52F00F9E9B8 /* AppDelegate.swift in Sources */,
			);
			runOnlyForDeploymentPostprocessing = 0;
		};
/* End PBXSourcesBuildPhase section */

/* Begin PBXVariantGroup section */
		A21BF0F51F0FA52F00F9E9B8 /* Main.storyboard */ = {
			isa = PBXVariantGroup;
			children = (
				A21BF0F61F0FA52F00F9E9B8 /* Base */,
			);
			name = Main.storyboard;
			sourceTree = "<group>";
		};
		A21BF0FA1F0FA52F00F9E9B8 /* LaunchScreen.storyboard */ = {
			isa = PBXVariantGroup;
			children = (
				A21BF0FB1F0FA52F00F9E9B8 /* Base */,
			);
			name = LaunchScreen.storyboard;
			sourceTree = "<group>";
		};
/* End PBXVariantGroup section */

/* Begin XCBuildConfiguration section */
		A21BF0FE1F0FA52F00F9E9B8 /* Debug */ = {
			isa = XCBuildConfiguration;
			buildSettings = {
				ALWAYS_SEARCH_USER_PATHS = NO;
				CLANG_ANALYZER_NONNULL = YES;
				CLANG_ANALYZER_NUMBER_OBJECT_CONVERSION = YES_AGGRESSIVE;
				CLANG_CXX_LANGUAGE_STANDARD = "gnu++0x";
				CLANG_CXX_LIBRARY = "libc++";
				CLANG_ENABLE_MODULES = YES;
				CLANG_ENABLE_OBJC_ARC = YES;
				CLANG_WARN_BOOL_CONVERSION = YES;
				CLANG_WARN_CONSTANT_CONVERSION = YES;
				CLANG_WARN_DIRECT_OBJC_ISA_USAGE = YES_ERROR;
				CLANG_WARN_DOCUMENTATION_COMMENTS = YES;
				CLANG_WARN_EMPTY_BODY = YES;
				CLANG_WARN_ENUM_CONVERSION = YES;
				CLANG_WARN_INFINITE_RECURSION = YES;
				CLANG_WARN_INT_CONVERSION = YES;
				CLANG_WARN_OBJC_ROOT_CLASS = YES_ERROR;
				CLANG_WARN_SUSPICIOUS_MOVE = YES;
				CLANG_WARN_UNREACHABLE_CODE = YES;
				CLANG_WARN__DUPLICATE_METHOD_MATCH = YES;
				"CODE_SIGN_IDENTITY[sdk=iphoneos*]" = "iPhone Developer";
				COPY_PHASE_STRIP = NO;
				DEBUG_INFORMATION_FORMAT = dwarf;
				ENABLE_STRICT_OBJC_MSGSEND = YES;
				ENABLE_TESTABILITY = YES;
				GCC_C_LANGUAGE_STANDARD = gnu99;
				GCC_DYNAMIC_NO_PIC = NO;
				GCC_NO_COMMON_BLOCKS = YES;
				GCC_OPTIMIZATION_LEVEL = 0;
				GCC_PREPROCESSOR_DEFINITIONS = (
					"DEBUG=1",
					"$(inherited)",
				);
				GCC_WARN_64_TO_32_BIT_CONVERSION = YES;
				GCC_WARN_ABOUT_RETURN_TYPE = YES_ERROR;
				GCC_WARN_UNDECLARED_SELECTOR = YES;
				GCC_WARN_UNINITIALIZED_AUTOS = YES_AGGRESSIVE;
				GCC_WARN_UNUSED_FUNCTION = YES;
				GCC_WARN_UNUSED_VARIABLE = YES;
				IPHONEOS_DEPLOYMENT_TARGET = 10.3;
				MTL_ENABLE_DEBUG_INFO = YES;
				ONLY_ACTIVE_ARCH = YES;
				SDKROOT = iphoneos;
				SWIFT_ACTIVE_COMPILATION_CONDITIONS = DEBUG;
				SWIFT_OPTIMIZATION_LEVEL = "-Onone";
			};
			name = Debug;
		};
		A21BF0FF1F0FA52F00F9E9B8 /* Release */ = {
			isa = XCBuildConfiguration;
			buildSettings = {
				ALWAYS_SEARCH_USER_PATHS = NO;
				CLANG_ANALYZER_NONNULL = YES;
				CLANG_ANALYZER_NUMBER_OBJECT_CONVERSION = YES_AGGRESSIVE;
				CLANG_CXX_LANGUAGE_STANDARD = "gnu++0x";
				CLANG_CXX_LIBRARY = "libc++";
				CLANG_ENABLE_MODULES = YES;
				CLANG_ENABLE_OBJC_ARC = YES;
				CLANG_WARN_BOOL_CONVERSION = YES;
				CLANG_WARN_CONSTANT_CONVERSION = YES;
				CLANG_WARN_DIRECT_OBJC_ISA_USAGE = YES_ERROR;
				CLANG_WARN_DOCUMENTATION_COMMENTS = YES;
				CLANG_WARN_EMPTY_BODY = YES;
				CLANG_WARN_ENUM_CONVERSION = YES;
				CLANG_WARN_INFINITE_RECURSION = YES;
				CLANG_WARN_INT_CONVERSION = YES;
				CLANG_WARN_OBJC_ROOT_CLASS = YES_ERROR;
				CLANG_WARN_SUSPICIOUS_MOVE = YES;
				CLANG_WARN_UNREACHABLE_CODE = YES;
				CLANG_WARN__DUPLICATE_METHOD_MATCH = YES;
				"CODE_SIGN_IDENTITY[sdk=iphoneos*]" = "iPhone Developer";
				COPY_PHASE_STRIP = NO;
				DEBUG_INFORMATION_FORMAT = "dwarf-with-dsym";
				ENABLE_NS_ASSERTIONS = NO;
				ENABLE_STRICT_OBJC_MSGSEND = YES;
				GCC_C_LANGUAGE_STANDARD = gnu99;
				GCC_NO_COMMON_BLOCKS = YES;
				GCC_WARN_64_TO_32_BIT_CONVERSION = YES;
				GCC_WARN_ABOUT_RETURN_TYPE = YES_ERROR;
				GCC_WARN_UNDECLARED_SELECTOR = YES;
				GCC_WARN_UNINITIALIZED_AUTOS = YES_AGGRESSIVE;
				GCC_WARN_UNUSED_FUNCTION = YES;
				GCC_WARN_UNUSED_VARIABLE = YES;
				IPHONEOS_DEPLOYMENT_TARGET = 10.3;
				MTL_ENABLE_DEBUG_INFO = NO;
				SDKROOT = iphoneos;
				SWIFT_OPTIMIZATION_LEVEL = "-Owholemodule";
				VALIDATE_PRODUCT = YES;
			};
			name = Release;
		};
		A21BF1011F0FA52F00F9E9B8 /* Debug */ = {
			isa = XCBuildConfiguration;
			buildSettings = {
				ASSETCATALOG_COMPILER_APPICON_NAME = AppIcon;
				INFOPLIST_FILE = Makestagram/Info.plist;
				LD_RUNPATH_SEARCH_PATHS = "$(inherited) @executable_path/Frameworks";
				PRODUCT_BUNDLE_IDENTIFIER = HD.Makestagram;
				PRODUCT_NAME = "$(TARGET_NAME)";
				SWIFT_VERSION = 3.0;
			};
			name = Debug;
		};
		A21BF1021F0FA52F00F9E9B8 /* Release */ = {
			isa = XCBuildConfiguration;
			buildSettings = {
				ASSETCATALOG_COMPILER_APPICON_NAME = AppIcon;
				INFOPLIST_FILE = Makestagram/Info.plist;
				LD_RUNPATH_SEARCH_PATHS = "$(inherited) @executable_path/Frameworks";
				PRODUCT_BUNDLE_IDENTIFIER = HD.Makestagram;
				PRODUCT_NAME = "$(TARGET_NAME)";
				SWIFT_VERSION = 3.0;
			};
			name = Release;
		};
/* End XCBuildConfiguration section */

/* Begin XCConfigurationList section */
		A21BF0E91F0FA52F00F9E9B8 /* Build configuration list for PBXProject "Makestagram" */ = {
			isa = XCConfigurationList;
			buildConfigurations = (
				A21BF0FE1F0FA52F00F9E9B8 /* Debug */,
				A21BF0FF1F0FA52F00F9E9B8 /* Release */,
			);
			defaultConfigurationIsVisible = 0;
			defaultConfigurationName = Release;
		};
		A21BF1001F0FA52F00F9E9B8 /* Build configuration list for PBXNativeTarget "Makestagram" */ = {
			isa = XCConfigurationList;
			buildConfigurations = (
				A21BF1011F0FA52F00F9E9B8 /* Debug */,
				A21BF1021F0FA52F00F9E9B8 /* Release */,
			);
			defaultConfigurationIsVisible = 0;
		};
/* End XCConfigurationList section */
	};
	rootObject = A21BF0E61F0FA52F00F9E9B8 /* Project object */;
}
